
Microsoft Visual Studio Solution File, Format Version 12.00
# Visual Studio Version 16
VisualStudioVersion = 16.0.31624.102
MinimumVisualStudioVersion = 10.0.40219.1
Project("{FAE04EC0-301F-11D3-BF4B-00C04F79EFBC}") = "ConsoleApp2", "ConsoleApp2\ConsoleApp2.csproj", "{CC3BB3F0-7B1A-4B5B-BB1C-F0DACC109F44}"
EndProject
Project("{FAE04EC0-301F-11D3-BF4B-00C04F79EFBC}") = "Zadanko_lab10", "Zadanko_lab10\Zadanko_lab10.csproj", "{2C56CEF0-2877-4B9D-A54A-E19A5DAF530B}"
EndProject
Global
	GlobalSection(SolutionConfigurationPlatforms) = preSolution
		Debug|Any CPU = Debug|Any CPU
		Release|Any CPU = Release|Any CPU
	EndGlobalSection
	GlobalSection(ProjectConfigurationPlatforms) = postSolution
		{CC3BB3F0-7B1A-4B5B-BB1C-F0DACC109F44}.Debug|Any CPU.ActiveCfg = Debug|Any CPU
		{CC3BB3F0-7B1A-4B5B-BB1C-F0DACC109F44}.Debug|Any CPU.Build.0 = Debug|Any CPU
		{CC3BB3F0-7B1A-4B5B-BB1C-F0DACC109F44}.Release|Any CPU.ActiveCfg = Release|Any CPU
		{CC3BB3F0-7B1A-4B5B-BB1C-F0DACC109F44}.Release|Any CPU.Build.0 = Release|Any CPU
		{2C56CEF0-2877-4B9D-A54A-E19A5DAF530B}.Debug|Any CPU.ActiveCfg = Debug|Any CPU
		{2C56CEF0-2877-4B9D-A54A-E19A5DAF530B}.Debug|Any CPU.Build.0 = Debug|Any CPU
		{2C56CEF0-2877-4B9D-A54A-E19A5DAF530B}.Release|Any CPU.ActiveCfg = Release|Any CPU
		{2C56CEF0-2877-4B9D-A54A-E19A5DAF530B}.Release|Any CPU.Build.0 = Release|Any CPU
	EndGlobalSection
	GlobalSection(SolutionProperties) = preSolution
		HideSolutionNode = FALSE
	EndGlobalSection
	GlobalSection(ExtensibilityGlobals) = postSolution
		SolutionGuid = {6306B8A6-A25D-4AE2-A834-797A62C52EE2}
	EndGlobalSection
EndGlobal
