
Microsoft Visual Studio Solution File, Format Version 12.00
# Visual Studio Version 16
VisualStudioVersion = 16.0.31624.102
MinimumVisualStudioVersion = 10.0.40219.1
Project("{FAE04EC0-301F-11D3-BF4B-00C04F79EFBC}") = "ConsoleApp2", "ConsoleApp2\ConsoleApp2.csproj", "{110BEF36-7C38-4B41-8050-89F87FFA19EA}"
EndProject
Project("{FAE04EC0-301F-11D3-BF4B-00C04F79EFBC}") = "ConsoleApp1", "ConsoleApp1\ConsoleApp1.csproj", "{DF74237D-650A-4689-8B32-21A7391494F3}"
EndProject
Global
	GlobalSection(SolutionConfigurationPlatforms) = preSolution
		Debug|Any CPU = Debug|Any CPU
		Release|Any CPU = Release|Any CPU
	EndGlobalSection
	GlobalSection(ProjectConfigurationPlatforms) = postSolution
		{110BEF36-7C38-4B41-8050-89F87FFA19EA}.Debug|Any CPU.ActiveCfg = Debug|Any CPU
		{110BEF36-7C38-4B41-8050-89F87FFA19EA}.Debug|Any CPU.Build.0 = Debug|Any CPU
		{110BEF36-7C38-4B41-8050-89F87FFA19EA}.Release|Any CPU.ActiveCfg = Release|Any CPU
		{110BEF36-7C38-4B41-8050-89F87FFA19EA}.Release|Any CPU.Build.0 = Release|Any CPU
		{DF74237D-650A-4689-8B32-21A7391494F3}.Debug|Any CPU.ActiveCfg = Debug|Any CPU
		{DF74237D-650A-4689-8B32-21A7391494F3}.Debug|Any CPU.Build.0 = Debug|Any CPU
		{DF74237D-650A-4689-8B32-21A7391494F3}.Release|Any CPU.ActiveCfg = Release|Any CPU
		{DF74237D-650A-4689-8B32-21A7391494F3}.Release|Any CPU.Build.0 = Release|Any CPU
	EndGlobalSection
	GlobalSection(SolutionProperties) = preSolution
		HideSolutionNode = FALSE
	EndGlobalSection
	GlobalSection(ExtensibilityGlobals) = postSolution
		SolutionGuid = {76E86E5A-23AD-4A19-84AF-989BCC48D7B6}
	EndGlobalSection
EndGlobal
